// !$*UTF8*$!
{
	archiveVersion = 1;
	classes = {
	};
	objectVersion = 56;
	objects = {

/* Begin PBXBuildFile section */
		E05DEBB12980CFDA008281CA /* AppDelegate.swift in Sources */ = {isa = PBXBuildFile; fileRef = E05DEBB02980CFDA008281CA /* AppDelegate.swift */; };
		E05DEBB52980CFDA008281CA /* Main.html in Resources */ = {isa = PBXBuildFile; fileRef = E05DEBB32980CFDA008281CA /* Main.html */; };
		E05DEBB72980CFDA008281CA /* Icon.png in Resources */ = {isa = PBXBuildFile; fileRef = E05DEBB62980CFDA008281CA /* Icon.png */; };
		E05DEBB92980CFDA008281CA /* Style.css in Resources */ = {isa = PBXBuildFile; fileRef = E05DEBB82980CFDA008281CA /* Style.css */; };
		E05DEBBB2980CFDA008281CA /* Script.js in Resources */ = {isa = PBXBuildFile; fileRef = E05DEBBA2980CFDA008281CA /* Script.js */; };
		E05DEBBD2980CFDA008281CA /* ViewController.swift in Sources */ = {isa = PBXBuildFile; fileRef = E05DEBBC2980CFDA008281CA /* ViewController.swift */; };
		E05DEBC02980CFDA008281CA /* Main.storyboard in Resources */ = {isa = PBXBuildFile; fileRef = E05DEBBE2980CFDA008281CA /* Main.storyboard */; };
		E05DEBC22980CFDB008281CA /* Assets.xcassets in Resources */ = {isa = PBXBuildFile; fileRef = E05DEBC12980CFDB008281CA /* Assets.xcassets */; };
		E05DEBCA2980CFDB008281CA /* My Schoolbox Safari Extension (macOS) Extension.appex in Embed Foundation Extensions */ = {isa = PBXBuildFile; fileRef = E05DEBC92980CFDB008281CA /* My Schoolbox Safari Extension (macOS) Extension.appex */; settings = {ATTRIBUTES = (RemoveHeadersOnCopy, ); }; };
		E05DEBCF2980CFDB008281CA /* SafariWebExtensionHandler.swift in Sources */ = {isa = PBXBuildFile; fileRef = E05DEBCE2980CFDB008281CA /* SafariWebExtensionHandler.swift */; };
		E05DEBD22980CFDB008281CA /* _locales in Resources */ = {isa = PBXBuildFile; fileRef = E05DEBD12980CFDB008281CA /* _locales */; };
		E05DEBD42980CFDB008281CA /* images in Resources */ = {isa = PBXBuildFile; fileRef = E05DEBD32980CFDB008281CA /* images */; };
		E05DEBD62980CFDB008281CA /* manifest.json in Resources */ = {isa = PBXBuildFile; fileRef = E05DEBD52980CFDB008281CA /* manifest.json */; };
		E05DEBD82980CFDB008281CA /* background.js in Resources */ = {isa = PBXBuildFile; fileRef = E05DEBD72980CFDB008281CA /* background.js */; };
		E05DEBDA2980CFDB008281CA /* content.js in Resources */ = {isa = PBXBuildFile; fileRef = E05DEBD92980CFDB008281CA /* content.js */; };
		E05DEBDC2980CFDB008281CA /* popup.html in Resources */ = {isa = PBXBuildFile; fileRef = E05DEBDB2980CFDB008281CA /* popup.html */; };
		E05DEBDE2980CFDB008281CA /* popup.css in Resources */ = {isa = PBXBuildFile; fileRef = E05DEBDD2980CFDB008281CA /* popup.css */; };
		E05DEBE02980CFDB008281CA /* popup.js in Resources */ = {isa = PBXBuildFile; fileRef = E05DEBDF2980CFDB008281CA /* popup.js */; };
/* End PBXBuildFile section */

/* Begin PBXContainerItemProxy section */
		E05DEBCB2980CFDB008281CA /* PBXContainerItemProxy */ = {
			isa = PBXContainerItemProxy;
			containerPortal = E05DEBA52980CFDA008281CA /* Project object */;
			proxyType = 1;
			remoteGlobalIDString = E05DEBC82980CFDB008281CA;
			remoteInfo = "My Schoolbox Safari Extension (macOS) Extension";
		};
/* End PBXContainerItemProxy section */

/* Begin PBXCopyFilesBuildPhase section */
		E05DEBE82980CFDB008281CA /* Embed Foundation Extensions */ = {
			isa = PBXCopyFilesBuildPhase;
			buildActionMask = 2147483647;
			dstPath = "";
			dstSubfolderSpec = 13;
			files = (
				E05DEBCA2980CFDB008281CA /* My Schoolbox Safari Extension (macOS) Extension.appex in Embed Foundation Extensions */,
			);
			name = "Embed Foundation Extensions";
			runOnlyForDeploymentPostprocessing = 0;
		};
/* End PBXCopyFilesBuildPhase section */

/* Begin PBXFileReference section */
		E05DEBAD2980CFDA008281CA /* My Schoolbox Safari Extension (macOS).app */ = {isa = PBXFileReference; explicitFileType = wrapper.application; includeInIndex = 0; path = "My Schoolbox Safari Extension (macOS).app"; sourceTree = BUILT_PRODUCTS_DIR; };
		E05DEBB02980CFDA008281CA /* AppDelegate.swift */ = {isa = PBXFileReference; lastKnownFileType = sourcecode.swift; path = AppDelegate.swift; sourceTree = "<group>"; };
		E05DEBB42980CFDA008281CA /* Base */ = {isa = PBXFileReference; lastKnownFileType = text.html; name = Base; path = ../Base.lproj/Main.html; sourceTree = "<group>"; };
		E05DEBB62980CFDA008281CA /* Icon.png */ = {isa = PBXFileReference; lastKnownFileType = image.png; path = Icon.png; sourceTree = "<group>"; };
		E05DEBB82980CFDA008281CA /* Style.css */ = {isa = PBXFileReference; lastKnownFileType = text.css; path = Style.css; sourceTree = "<group>"; };
		E05DEBBA2980CFDA008281CA /* Script.js */ = {isa = PBXFileReference; lastKnownFileType = sourcecode.javascript; path = Script.js; sourceTree = "<group>"; };
		E05DEBBC2980CFDA008281CA /* ViewController.swift */ = {isa = PBXFileReference; lastKnownFileType = sourcecode.swift; path = ViewController.swift; sourceTree = "<group>"; };
		E05DEBBF2980CFDA008281CA /* Base */ = {isa = PBXFileReference; lastKnownFileType = file.storyboard; name = Base; path = Base.lproj/Main.storyboard; sourceTree = "<group>"; };
		E05DEBC12980CFDB008281CA /* Assets.xcassets */ = {isa = PBXFileReference; lastKnownFileType = folder.assetcatalog; path = Assets.xcassets; sourceTree = "<group>"; };
		E05DEBC32980CFDB008281CA /* My_Schoolbox_Safari_Extension__macOS_.entitlements */ = {isa = PBXFileReference; lastKnownFileType = text.plist.entitlements; path = My_Schoolbox_Safari_Extension__macOS_.entitlements; sourceTree = "<group>"; };
		E05DEBC42980CFDB008281CA /* My Schoolbox Safari Extension (macOS).entitlements */ = {isa = PBXFileReference; lastKnownFileType = text.plist.entitlements; path = "My Schoolbox Safari Extension (macOS).entitlements"; sourceTree = "<group>"; };
		E05DEBC92980CFDB008281CA /* My Schoolbox Safari Extension (macOS) Extension.appex */ = {isa = PBXFileReference; explicitFileType = "wrapper.app-extension"; includeInIndex = 0; path = "My Schoolbox Safari Extension (macOS) Extension.appex"; sourceTree = BUILT_PRODUCTS_DIR; };
		E05DEBCE2980CFDB008281CA /* SafariWebExtensionHandler.swift */ = {isa = PBXFileReference; lastKnownFileType = sourcecode.swift; path = SafariWebExtensionHandler.swift; sourceTree = "<group>"; };
		E05DEBD12980CFDB008281CA /* _locales */ = {isa = PBXFileReference; lastKnownFileType = folder; path = _locales; sourceTree = "<group>"; };
		E05DEBD32980CFDB008281CA /* images */ = {isa = PBXFileReference; lastKnownFileType = folder; path = images; sourceTree = "<group>"; };
		E05DEBD52980CFDB008281CA /* manifest.json */ = {isa = PBXFileReference; lastKnownFileType = text.json; path = manifest.json; sourceTree = "<group>"; };
		E05DEBD72980CFDB008281CA /* background.js */ = {isa = PBXFileReference; lastKnownFileType = sourcecode.javascript; path = background.js; sourceTree = "<group>"; };
		E05DEBD92980CFDB008281CA /* content.js */ = {isa = PBXFileReference; lastKnownFileType = sourcecode.javascript; path = content.js; sourceTree = "<group>"; };
		E05DEBDB2980CFDB008281CA /* popup.html */ = {isa = PBXFileReference; lastKnownFileType = text.html; path = popup.html; sourceTree = "<group>"; };
		E05DEBDD2980CFDB008281CA /* popup.css */ = {isa = PBXFileReference; lastKnownFileType = text.css; path = popup.css; sourceTree = "<group>"; };
		E05DEBDF2980CFDB008281CA /* popup.js */ = {isa = PBXFileReference; lastKnownFileType = sourcecode.javascript; path = popup.js; sourceTree = "<group>"; };
		E05DEBE12980CFDB008281CA /* Info.plist */ = {isa = PBXFileReference; lastKnownFileType = text.plist.xml; path = Info.plist; sourceTree = "<group>"; };
		E05DEBE22980CFDB008281CA /* My_Schoolbox_Safari_Extension__macOS__Extension.entitlements */ = {isa = PBXFileReference; lastKnownFileType = text.plist.entitlements; path = My_Schoolbox_Safari_Extension__macOS__Extension.entitlements; sourceTree = "<group>"; };
/* End PBXFileReference section */

/* Begin PBXFrameworksBuildPhase section */
		E05DEBAA2980CFDA008281CA /* Frameworks */ = {
			isa = PBXFrameworksBuildPhase;
			buildActionMask = 2147483647;
			files = (
			);
			runOnlyForDeploymentPostprocessing = 0;
		};
		E05DEBC62980CFDB008281CA /* Frameworks */ = {
			isa = PBXFrameworksBuildPhase;
			buildActionMask = 2147483647;
			files = (
			);
			runOnlyForDeploymentPostprocessing = 0;
		};
/* End PBXFrameworksBuildPhase section */

/* Begin PBXGroup section */
		E05DEBA42980CFDA008281CA = {
			isa = PBXGroup;
			children = (
				E05DEBAF2980CFDA008281CA /* My Schoolbox Safari Extension (macOS) */,
				E05DEBCD2980CFDB008281CA /* My Schoolbox Safari Extension (macOS) Extension */,
				E05DEBAE2980CFDA008281CA /* Products */,
			);
			sourceTree = "<group>";
		};
		E05DEBAE2980CFDA008281CA /* Products */ = {
			isa = PBXGroup;
			children = (
				E05DEBAD2980CFDA008281CA /* My Schoolbox Safari Extension (macOS).app */,
				E05DEBC92980CFDB008281CA /* My Schoolbox Safari Extension (macOS) Extension.appex */,
			);
			name = Products;
			sourceTree = "<group>";
		};
		E05DEBAF2980CFDA008281CA /* My Schoolbox Safari Extension (macOS) */ = {
			isa = PBXGroup;
			children = (
				E05DEBB02980CFDA008281CA /* AppDelegate.swift */,
				E05DEBBC2980CFDA008281CA /* ViewController.swift */,
				E05DEBBE2980CFDA008281CA /* Main.storyboard */,
				E05DEBC12980CFDB008281CA /* Assets.xcassets */,
				E05DEBC32980CFDB008281CA /* My_Schoolbox_Safari_Extension__macOS_.entitlements */,
				E05DEBC42980CFDB008281CA /* My Schoolbox Safari Extension (macOS).entitlements */,
				E05DEBB22980CFDA008281CA /* Resources */,
			);
			path = "My Schoolbox Safari Extension (macOS)";
			sourceTree = "<group>";
		};
		E05DEBB22980CFDA008281CA /* Resources */ = {
			isa = PBXGroup;
			children = (
				E05DEBB32980CFDA008281CA /* Main.html */,
				E05DEBB62980CFDA008281CA /* Icon.png */,
				E05DEBB82980CFDA008281CA /* Style.css */,
				E05DEBBA2980CFDA008281CA /* Script.js */,
			);
			path = Resources;
			sourceTree = "<group>";
		};
		E05DEBCD2980CFDB008281CA /* My Schoolbox Safari Extension (macOS) Extension */ = {
			isa = PBXGroup;
			children = (
				E05DEBCE2980CFDB008281CA /* SafariWebExtensionHandler.swift */,
				E05DEBE12980CFDB008281CA /* Info.plist */,
				E05DEBE22980CFDB008281CA /* My_Schoolbox_Safari_Extension__macOS__Extension.entitlements */,
				E05DEBD02980CFDB008281CA /* Resources */,
			);
			path = "My Schoolbox Safari Extension (macOS) Extension";
			sourceTree = "<group>";
		};
		E05DEBD02980CFDB008281CA /* Resources */ = {
			isa = PBXGroup;
			children = (
				E05DEBD12980CFDB008281CA /* _locales */,
				E05DEBD32980CFDB008281CA /* images */,
				E05DEBD52980CFDB008281CA /* manifest.json */,
				E05DEBD72980CFDB008281CA /* background.js */,
				E05DEBD92980CFDB008281CA /* content.js */,
				E05DEBDB2980CFDB008281CA /* popup.html */,
				E05DEBDD2980CFDB008281CA /* popup.css */,
				E05DEBDF2980CFDB008281CA /* popup.js */,
			);
			path = Resources;
			sourceTree = "<group>";
		};
/* End PBXGroup section */

/* Begin PBXNativeTarget section */
		E05DEBAC2980CFDA008281CA /* My Schoolbox Safari Extension (macOS) */ = {
			isa = PBXNativeTarget;
			buildConfigurationList = E05DEBE92980CFDB008281CA /* Build configuration list for PBXNativeTarget "My Schoolbox Safari Extension (macOS)" */;
			buildPhases = (
				E05DEBA92980CFDA008281CA /* Sources */,
				E05DEBAA2980CFDA008281CA /* Frameworks */,
				E05DEBAB2980CFDA008281CA /* Resources */,
				E05DEBE82980CFDB008281CA /* Embed Foundation Extensions */,
			);
			buildRules = (
			);
			dependencies = (
				E05DEBCC2980CFDB008281CA /* PBXTargetDependency */,
			);
			name = "My Schoolbox Safari Extension (macOS)";
			productName = "My Schoolbox Safari Extension (macOS)";
			productReference = E05DEBAD2980CFDA008281CA /* My Schoolbox Safari Extension (macOS).app */;
			productType = "com.apple.product-type.application";
		};
		E05DEBC82980CFDB008281CA /* My Schoolbox Safari Extension (macOS) Extension */ = {
			isa = PBXNativeTarget;
			buildConfigurationList = E05DEBE52980CFDB008281CA /* Build configuration list for PBXNativeTarget "My Schoolbox Safari Extension (macOS) Extension" */;
			buildPhases = (
				E05DEBC52980CFDB008281CA /* Sources */,
				E05DEBC62980CFDB008281CA /* Frameworks */,
				E05DEBC72980CFDB008281CA /* Resources */,
			);
			buildRules = (
			);
			dependencies = (
			);
			name = "My Schoolbox Safari Extension (macOS) Extension";
			productName = "My Schoolbox Safari Extension (macOS) Extension";
			productReference = E05DEBC92980CFDB008281CA /* My Schoolbox Safari Extension (macOS) Extension.appex */;
			productType = "com.apple.product-type.app-extension";
		};
/* End PBXNativeTarget section */

/* Begin PBXProject section */
		E05DEBA52980CFDA008281CA /* Project object */ = {
			isa = PBXProject;
			attributes = {
				BuildIndependentTargetsInParallel = 1;
				LastSwiftUpdateCheck = 1420;
				LastUpgradeCheck = 1420;
				TargetAttributes = {
					E05DEBAC2980CFDA008281CA = {
						CreatedOnToolsVersion = 14.2;
					};
					E05DEBC82980CFDB008281CA = {
						CreatedOnToolsVersion = 14.2;
					};
				};
			};
			buildConfigurationList = E05DEBA82980CFDA008281CA /* Build configuration list for PBXProject "My Schoolbox Safari Extension (macOS)" */;
			compatibilityVersion = "Xcode 14.0";
			developmentRegion = en;
			hasScannedForEncodings = 0;
			knownRegions = (
				en,
				Base,
			);
			mainGroup = E05DEBA42980CFDA008281CA;
			productRefGroup = E05DEBAE2980CFDA008281CA /* Products */;
			projectDirPath = "";
			projectRoot = "";
			targets = (
				E05DEBAC2980CFDA008281CA /* My Schoolbox Safari Extension (macOS) */,
				E05DEBC82980CFDB008281CA /* My Schoolbox Safari Extension (macOS) Extension */,
			);
		};
/* End PBXProject section */

/* Begin PBXResourcesBuildPhase section */
		E05DEBAB2980CFDA008281CA /* Resources */ = {
			isa = PBXResourcesBuildPhase;
			buildActionMask = 2147483647;
			files = (
				E05DEBB72980CFDA008281CA /* Icon.png in Resources */,
				E05DEBC02980CFDA008281CA /* Main.storyboard in Resources */,
				E05DEBBB2980CFDA008281CA /* Script.js in Resources */,
				E05DEBB52980CFDA008281CA /* Main.html in Resources */,
				E05DEBC22980CFDB008281CA /* Assets.xcassets in Resources */,
				E05DEBB92980CFDA008281CA /* Style.css in Resources */,
			);
			runOnlyForDeploymentPostprocessing = 0;
		};
		E05DEBC72980CFDB008281CA /* Resources */ = {
			isa = PBXResourcesBuildPhase;
			buildActionMask = 2147483647;
			files = (
				E05DEBD82980CFDB008281CA /* background.js in Resources */,
				E05DEBDE2980CFDB008281CA /* popup.css in Resources */,
				E05DEBDC2980CFDB008281CA /* popup.html in Resources */,
				E05DEBD42980CFDB008281CA /* images in Resources */,
				E05DEBD62980CFDB008281CA /* manifest.json in Resources */,
				E05DEBD22980CFDB008281CA /* _locales in Resources */,
				E05DEBDA2980CFDB008281CA /* content.js in Resources */,
				E05DEBE02980CFDB008281CA /* popup.js in Resources */,
			);
			runOnlyForDeploymentPostprocessing = 0;
		};
/* End PBXResourcesBuildPhase section */

/* Begin PBXSourcesBuildPhase section */
		E05DEBA92980CFDA008281CA /* Sources */ = {
			isa = PBXSourcesBuildPhase;
			buildActionMask = 2147483647;
			files = (
				E05DEBBD2980CFDA008281CA /* ViewController.swift in Sources */,
				E05DEBB12980CFDA008281CA /* AppDelegate.swift in Sources */,
			);
			runOnlyForDeploymentPostprocessing = 0;
		};
		E05DEBC52980CFDB008281CA /* Sources */ = {
			isa = PBXSourcesBuildPhase;
			buildActionMask = 2147483647;
			files = (
				E05DEBCF2980CFDB008281CA /* SafariWebExtensionHandler.swift in Sources */,
			);
			runOnlyForDeploymentPostprocessing = 0;
		};
/* End PBXSourcesBuildPhase section */

/* Begin PBXTargetDependency section */
		E05DEBCC2980CFDB008281CA /* PBXTargetDependency */ = {
			isa = PBXTargetDependency;
			target = E05DEBC82980CFDB008281CA /* My Schoolbox Safari Extension (macOS) Extension */;
			targetProxy = E05DEBCB2980CFDB008281CA /* PBXContainerItemProxy */;
		};
/* End PBXTargetDependency section */

/* Begin PBXVariantGroup section */
		E05DEBB32980CFDA008281CA /* Main.html */ = {
			isa = PBXVariantGroup;
			children = (
				E05DEBB42980CFDA008281CA /* Base */,
			);
			name = Main.html;
			sourceTree = "<group>";
		};
		E05DEBBE2980CFDA008281CA /* Main.storyboard */ = {
			isa = PBXVariantGroup;
			children = (
				E05DEBBF2980CFDA008281CA /* Base */,
			);
			name = Main.storyboard;
			sourceTree = "<group>";
		};
/* End PBXVariantGroup section */

/* Begin XCBuildConfiguration section */
		E05DEBE32980CFDB008281CA /* Debug */ = {
			isa = XCBuildConfiguration;
			buildSettings = {
				ALWAYS_SEARCH_USER_PATHS = NO;
				CLANG_ANALYZER_NONNULL = YES;
				CLANG_ANALYZER_NUMBER_OBJECT_CONVERSION = YES_AGGRESSIVE;
				CLANG_CXX_LANGUAGE_STANDARD = "gnu++20";
				CLANG_ENABLE_MODULES = YES;
				CLANG_ENABLE_OBJC_ARC = YES;
				CLANG_ENABLE_OBJC_WEAK = YES;
				CLANG_WARN_BLOCK_CAPTURE_AUTORELEASING = YES;
				CLANG_WARN_BOOL_CONVERSION = YES;
				CLANG_WARN_COMMA = YES;
				CLANG_WARN_CONSTANT_CONVERSION = YES;
				CLANG_WARN_DEPRECATED_OBJC_IMPLEMENTATIONS = YES;
				CLANG_WARN_DIRECT_OBJC_ISA_USAGE = YES_ERROR;
				CLANG_WARN_DOCUMENTATION_COMMENTS = YES;
				CLANG_WARN_EMPTY_BODY = YES;
				CLANG_WARN_ENUM_CONVERSION = YES;
				CLANG_WARN_INFINITE_RECURSION = YES;
				CLANG_WARN_INT_CONVERSION = YES;
				CLANG_WARN_NON_LITERAL_NULL_CONVERSION = YES;
				CLANG_WARN_OBJC_IMPLICIT_RETAIN_SELF = YES;
				CLANG_WARN_OBJC_LITERAL_CONVERSION = YES;
				CLANG_WARN_OBJC_ROOT_CLASS = YES_ERROR;
				CLANG_WARN_QUOTED_INCLUDE_IN_FRAMEWORK_HEADER = YES;
				CLANG_WARN_RANGE_LOOP_ANALYSIS = YES;
				CLANG_WARN_STRICT_PROTOTYPES = YES;
				CLANG_WARN_SUSPICIOUS_MOVE = YES;
				CLANG_WARN_UNGUARDED_AVAILABILITY = YES_AGGRESSIVE;
				CLANG_WARN_UNREACHABLE_CODE = YES;
				CLANG_WARN__DUPLICATE_METHOD_MATCH = YES;
				COPY_PHASE_STRIP = NO;
				DEBUG_INFORMATION_FORMAT = dwarf;
				ENABLE_STRICT_OBJC_MSGSEND = YES;
				ENABLE_TESTABILITY = YES;
				GCC_C_LANGUAGE_STANDARD = gnu11;
				GCC_DYNAMIC_NO_PIC = NO;
				GCC_NO_COMMON_BLOCKS = YES;
				GCC_OPTIMIZATION_LEVEL = 0;
				GCC_PREPROCESSOR_DEFINITIONS = (
					"DEBUG=1",
					"$(inherited)",
				);
				GCC_WARN_64_TO_32_BIT_CONVERSION = YES;
				GCC_WARN_ABOUT_RETURN_TYPE = YES_ERROR;
				GCC_WARN_UNDECLARED_SELECTOR = YES;
				GCC_WARN_UNINITIALIZED_AUTOS = YES_AGGRESSIVE;
				GCC_WARN_UNUSED_FUNCTION = YES;
				GCC_WARN_UNUSED_VARIABLE = YES;
				MACOSX_DEPLOYMENT_TARGET = 13.1;
				MTL_ENABLE_DEBUG_INFO = INCLUDE_SOURCE;
				MTL_FAST_MATH = YES;
				ONLY_ACTIVE_ARCH = YES;
				SDKROOT = macosx;
				SWIFT_ACTIVE_COMPILATION_CONDITIONS = DEBUG;
				SWIFT_OPTIMIZATION_LEVEL = "-Onone";
			};
			name = Debug;
		};
		E05DEBE42980CFDB008281CA /* Release */ = {
			isa = XCBuildConfiguration;
			buildSettings = {
				ALWAYS_SEARCH_USER_PATHS = NO;
				CLANG_ANALYZER_NONNULL = YES;
				CLANG_ANALYZER_NUMBER_OBJECT_CONVERSION = YES_AGGRESSIVE;
				CLANG_CXX_LANGUAGE_STANDARD = "gnu++20";
				CLANG_ENABLE_MODULES = YES;
				CLANG_ENABLE_OBJC_ARC = YES;
				CLANG_ENABLE_OBJC_WEAK = YES;
				CLANG_WARN_BLOCK_CAPTURE_AUTORELEASING = YES;
				CLANG_WARN_BOOL_CONVERSION = YES;
				CLANG_WARN_COMMA = YES;
				CLANG_WARN_CONSTANT_CONVERSION = YES;
				CLANG_WARN_DEPRECATED_OBJC_IMPLEMENTATIONS = YES;
				CLANG_WARN_DIRECT_OBJC_ISA_USAGE = YES_ERROR;
				CLANG_WARN_DOCUMENTATION_COMMENTS = YES;
				CLANG_WARN_EMPTY_BODY = YES;
				CLANG_WARN_ENUM_CONVERSION = YES;
				CLANG_WARN_INFINITE_RECURSION = YES;
				CLANG_WARN_INT_CONVERSION = YES;
				CLANG_WARN_NON_LITERAL_NULL_CONVERSION = YES;
				CLANG_WARN_OBJC_IMPLICIT_RETAIN_SELF = YES;
				CLANG_WARN_OBJC_LITERAL_CONVERSION = YES;
				CLANG_WARN_OBJC_ROOT_CLASS = YES_ERROR;
				CLANG_WARN_QUOTED_INCLUDE_IN_FRAMEWORK_HEADER = YES;
				CLANG_WARN_RANGE_LOOP_ANALYSIS = YES;
				CLANG_WARN_STRICT_PROTOTYPES = YES;
				CLANG_WARN_SUSPICIOUS_MOVE = YES;
				CLANG_WARN_UNGUARDED_AVAILABILITY = YES_AGGRESSIVE;
				CLANG_WARN_UNREACHABLE_CODE = YES;
				CLANG_WARN__DUPLICATE_METHOD_MATCH = YES;
				COPY_PHASE_STRIP = NO;
				DEBUG_INFORMATION_FORMAT = "dwarf-with-dsym";
				ENABLE_NS_ASSERTIONS = NO;
				ENABLE_STRICT_OBJC_MSGSEND = YES;
				GCC_C_LANGUAGE_STANDARD = gnu11;
				GCC_NO_COMMON_BLOCKS = YES;
				GCC_WARN_64_TO_32_BIT_CONVERSION = YES;
				GCC_WARN_ABOUT_RETURN_TYPE = YES_ERROR;
				GCC_WARN_UNDECLARED_SELECTOR = YES;
				GCC_WARN_UNINITIALIZED_AUTOS = YES_AGGRESSIVE;
				GCC_WARN_UNUSED_FUNCTION = YES;
				GCC_WARN_UNUSED_VARIABLE = YES;
				MACOSX_DEPLOYMENT_TARGET = 13.1;
				MTL_ENABLE_DEBUG_INFO = NO;
				MTL_FAST_MATH = YES;
				SDKROOT = macosx;
				SWIFT_COMPILATION_MODE = wholemodule;
				SWIFT_OPTIMIZATION_LEVEL = "-O";
			};
			name = Release;
		};
		E05DEBE62980CFDB008281CA /* Debug */ = {
			isa = XCBuildConfiguration;
			buildSettings = {
				CODE_SIGN_ENTITLEMENTS = "My Schoolbox Safari Extension (macOS) Extension/My_Schoolbox_Safari_Extension__macOS__Extension.entitlements";
				CODE_SIGN_STYLE = Automatic;
				CURRENT_PROJECT_VERSION = 1;
				DEVELOPMENT_TEAM = 8495B78D24;
				ENABLE_HARDENED_RUNTIME = YES;
				GENERATE_INFOPLIST_FILE = YES;
				INFOPLIST_FILE = "My Schoolbox Safari Extension (macOS) Extension/Info.plist";
				INFOPLIST_KEY_CFBundleDisplayName = "My Schoolbox Safari Extension (macOS) Extension";
				INFOPLIST_KEY_NSHumanReadableCopyright = "";
				LD_RUNPATH_SEARCH_PATHS = (
					"$(inherited)",
					"@executable_path/../Frameworks",
					"@executable_path/../../../../Frameworks",
				);
				MACOSX_DEPLOYMENT_TARGET = 10.14;
				MARKETING_VERSION = 1.0;
				OTHER_LDFLAGS = (
					"-framework",
					SafariServices,
				);
				PRODUCT_BUNDLE_IDENTIFIER = "ActaullyHappening.My-Schoolbox-Safari-Extension--macOS-.Extension";
				PRODUCT_NAME = "$(TARGET_NAME)";
				SKIP_INSTALL = YES;
				SWIFT_EMIT_LOC_STRINGS = YES;
				SWIFT_VERSION = 5.0;
			};
			name = Debug;
		};
		E05DEBE72980CFDB008281CA /* Release */ = {
			isa = XCBuildConfiguration;
			buildSettings = {
				CODE_SIGN_ENTITLEMENTS = "My Schoolbox Safari Extension (macOS) Extension/My_Schoolbox_Safari_Extension__macOS__Extension.entitlements";
				CODE_SIGN_STYLE = Automatic;
				CURRENT_PROJECT_VERSION = 1;
				DEVELOPMENT_TEAM = 8495B78D24;
				ENABLE_HARDENED_RUNTIME = YES;
				GENERATE_INFOPLIST_FILE = YES;
				INFOPLIST_FILE = "My Schoolbox Safari Extension (macOS) Extension/Info.plist";
				INFOPLIST_KEY_CFBundleDisplayName = "My Schoolbox Safari Extension (macOS) Extension";
				INFOPLIST_KEY_NSHumanReadableCopyright = "";
				LD_RUNPATH_SEARCH_PATHS = (
					"$(inherited)",
					"@executable_path/../Frameworks",
					"@executable_path/../../../../Frameworks",
				);
				MACOSX_DEPLOYMENT_TARGET = 10.14;
				MARKETING_VERSION = 1.0;
				OTHER_LDFLAGS = (
					"-framework",
					SafariServices,
				);
				PRODUCT_BUNDLE_IDENTIFIER = "ActaullyHappening.My-Schoolbox-Safari-Extension--macOS-.Extension";
				PRODUCT_NAME = "$(TARGET_NAME)";
				SKIP_INSTALL = YES;
				SWIFT_EMIT_LOC_STRINGS = YES;
				SWIFT_VERSION = 5.0;
			};
			name = Release;
		};
		E05DEBEA2980CFDB008281CA /* Debug */ = {
			isa = XCBuildConfiguration;
			buildSettings = {
				ALWAYS_EMBED_SWIFT_STANDARD_LIBRARIES = YES;
				ASSETCATALOG_COMPILER_APPICON_NAME = AppIcon;
				ASSETCATALOG_COMPILER_GLOBAL_ACCENT_COLOR_NAME = AccentColor;
				CODE_SIGN_ENTITLEMENTS = "My Schoolbox Safari Extension (macOS)/My Schoolbox Safari Extension (macOS).entitlements";
				CODE_SIGN_STYLE = Automatic;
				COMBINE_HIDPI_IMAGES = YES;
				CURRENT_PROJECT_VERSION = 1;
				DEVELOPMENT_TEAM = 8495B78D24;
				ENABLE_HARDENED_RUNTIME = YES;
				GENERATE_INFOPLIST_FILE = YES;
				INFOPLIST_KEY_CFBundleDisplayName = "My Schoolbox Safari Extension (macOS)";
				INFOPLIST_KEY_NSHumanReadableCopyright = "";
				INFOPLIST_KEY_NSMainStoryboardFile = Main;
				INFOPLIST_KEY_NSPrincipalClass = NSApplication;
				LD_RUNPATH_SEARCH_PATHS = (
					"$(inherited)",
					"@executable_path/../Frameworks",
				);
				MACOSX_DEPLOYMENT_TARGET = 10.14;
				MARKETING_VERSION = 1.0;
				OTHER_LDFLAGS = (
					"-framework",
					SafariServices,
					"-framework",
					WebKit,
				);
				PRODUCT_BUNDLE_IDENTIFIER = "ActaullyHappening.My-Schoolbox-Safari-Extension--macOS-";
				PRODUCT_NAME = "$(TARGET_NAME)";
				SWIFT_EMIT_LOC_STRINGS = YES;
				SWIFT_VERSION = 5.0;
			};
			name = Debug;
		};
		E05DEBEB2980CFDB008281CA /* Release */ = {
			isa = XCBuildConfiguration;
			buildSettings = {
				ALWAYS_EMBED_SWIFT_STANDARD_LIBRARIES = YES;
				ASSETCATALOG_COMPILER_APPICON_NAME = AppIcon;
				ASSETCATALOG_COMPILER_GLOBAL_ACCENT_COLOR_NAME = AccentColor;
				CODE_SIGN_ENTITLEMENTS = "My Schoolbox Safari Extension (macOS)/My Schoolbox Safari Extension (macOS).entitlements";
				CODE_SIGN_STYLE = Automatic;
				COMBINE_HIDPI_IMAGES = YES;
				CURRENT_PROJECT_VERSION = 1;
				DEVELOPMENT_TEAM = 8495B78D24;
				ENABLE_HARDENED_RUNTIME = YES;
				GENERATE_INFOPLIST_FILE = YES;
				INFOPLIST_KEY_CFBundleDisplayName = "My Schoolbox Safari Extension (macOS)";
				INFOPLIST_KEY_NSHumanReadableCopyright = "";
				INFOPLIST_KEY_NSMainStoryboardFile = Main;
				INFOPLIST_KEY_NSPrincipalClass = NSApplication;
				LD_RUNPATH_SEARCH_PATHS = (
					"$(inherited)",
					"@executable_path/../Frameworks",
				);
				MACOSX_DEPLOYMENT_TARGET = 10.14;
				MARKETING_VERSION = 1.0;
				OTHER_LDFLAGS = (
					"-framework",
					SafariServices,
					"-framework",
					WebKit,
				);
				PRODUCT_BUNDLE_IDENTIFIER = "ActaullyHappening.My-Schoolbox-Safari-Extension--macOS-";
				PRODUCT_NAME = "$(TARGET_NAME)";
				SWIFT_EMIT_LOC_STRINGS = YES;
				SWIFT_VERSION = 5.0;
			};
			name = Release;
		};
/* End XCBuildConfiguration section */

/* Begin XCConfigurationList section */
		E05DEBA82980CFDA008281CA /* Build configuration list for PBXProject "My Schoolbox Safari Extension (macOS)" */ = {
			isa = XCConfigurationList;
			buildConfigurations = (
				E05DEBE32980CFDB008281CA /* Debug */,
				E05DEBE42980CFDB008281CA /* Release */,
			);
			defaultConfigurationIsVisible = 0;
			defaultConfigurationName = Release;
		};
		E05DEBE52980CFDB008281CA /* Build configuration list for PBXNativeTarget "My Schoolbox Safari Extension (macOS) Extension" */ = {
			isa = XCConfigurationList;
			buildConfigurations = (
				E05DEBE62980CFDB008281CA /* Debug */,
				E05DEBE72980CFDB008281CA /* Release */,
			);
			defaultConfigurationIsVisible = 0;
			defaultConfigurationName = Release;
		};
		E05DEBE92980CFDB008281CA /* Build configuration list for PBXNativeTarget "My Schoolbox Safari Extension (macOS)" */ = {
			isa = XCConfigurationList;
			buildConfigurations = (
				E05DEBEA2980CFDB008281CA /* Debug */,
				E05DEBEB2980CFDB008281CA /* Release */,
			);
			defaultConfigurationIsVisible = 0;
			defaultConfigurationName = Release;
		};
/* End XCConfigurationList section */
	};
	rootObject = E05DEBA52980CFDA008281CA /* Project object */;
}
