// !$*UTF8*$!
{
	archiveVersion = 1;
	classes = {
	};
	objectVersion = 56;
	objects = {

/* Begin PBXBuildFile section */
		E071491129810B8200A7D903 /* AppDelegate.swift in Sources */ = {isa = PBXBuildFile; fileRef = E071491029810B8200A7D903 /* AppDelegate.swift */; };
		E071491329810B8200A7D903 /* SceneDelegate.swift in Sources */ = {isa = PBXBuildFile; fileRef = E071491229810B8200A7D903 /* SceneDelegate.swift */; };
		E071491629810B8200A7D903 /* LaunchScreen.storyboard in Resources */ = {isa = PBXBuildFile; fileRef = E071491429810B8200A7D903 /* LaunchScreen.storyboard */; };
		E071491929810B8200A7D903 /* Main.storyboard in Resources */ = {isa = PBXBuildFile; fileRef = E071491729810B8200A7D903 /* Main.storyboard */; };
		E071492229810B8200A7D903 /* AppDelegate.swift in Sources */ = {isa = PBXBuildFile; fileRef = E071492129810B8200A7D903 /* AppDelegate.swift */; };
		E071492529810B8200A7D903 /* Main.storyboard in Resources */ = {isa = PBXBuildFile; fileRef = E071492329810B8200A7D903 /* Main.storyboard */; };
		E071492C29810B8200A7D903 /* My Schoolbox Safari Extension Extension.appex in Embed Foundation Extensions */ = {isa = PBXBuildFile; fileRef = E071492B29810B8200A7D903 /* My Schoolbox Safari Extension Extension.appex */; settings = {ATTRIBUTES = (RemoveHeadersOnCopy, ); }; };
		E071493629810B8200A7D903 /* My Schoolbox Safari Extension Extension.appex in Embed Foundation Extensions */ = {isa = PBXBuildFile; fileRef = E071493529810B8200A7D903 /* My Schoolbox Safari Extension Extension.appex */; settings = {ATTRIBUTES = (RemoveHeadersOnCopy, ); }; };
		E071493C29810B8200A7D903 /* Main.html in Resources */ = {isa = PBXBuildFile; fileRef = E07148F729810B8100A7D903 /* Main.html */; };
		E071493D29810B8200A7D903 /* Main.html in Resources */ = {isa = PBXBuildFile; fileRef = E07148F729810B8100A7D903 /* Main.html */; };
		E071493E29810B8200A7D903 /* Icon.png in Resources */ = {isa = PBXBuildFile; fileRef = E07148F929810B8100A7D903 /* Icon.png */; };
		E071493F29810B8200A7D903 /* Icon.png in Resources */ = {isa = PBXBuildFile; fileRef = E07148F929810B8100A7D903 /* Icon.png */; };
		E071494029810B8200A7D903 /* Style.css in Resources */ = {isa = PBXBuildFile; fileRef = E07148FA29810B8100A7D903 /* Style.css */; };
		E071494129810B8200A7D903 /* Style.css in Resources */ = {isa = PBXBuildFile; fileRef = E07148FA29810B8100A7D903 /* Style.css */; };
		E071494229810B8200A7D903 /* Script.js in Resources */ = {isa = PBXBuildFile; fileRef = E07148FB29810B8100A7D903 /* Script.js */; };
		E071494329810B8200A7D903 /* Script.js in Resources */ = {isa = PBXBuildFile; fileRef = E07148FB29810B8100A7D903 /* Script.js */; };
		E071494429810B8200A7D903 /* ViewController.swift in Sources */ = {isa = PBXBuildFile; fileRef = E07148FC29810B8100A7D903 /* ViewController.swift */; };
		E071494529810B8200A7D903 /* ViewController.swift in Sources */ = {isa = PBXBuildFile; fileRef = E07148FC29810B8100A7D903 /* ViewController.swift */; };
		E071494629810B8200A7D903 /* Assets.xcassets in Resources */ = {isa = PBXBuildFile; fileRef = E07148FD29810B8200A7D903 /* Assets.xcassets */; };
		E071494729810B8200A7D903 /* Assets.xcassets in Resources */ = {isa = PBXBuildFile; fileRef = E07148FD29810B8200A7D903 /* Assets.xcassets */; };
		E071494829810B8200A7D903 /* SafariWebExtensionHandler.swift in Sources */ = {isa = PBXBuildFile; fileRef = E07148FF29810B8200A7D903 /* SafariWebExtensionHandler.swift */; };
		E071494929810B8200A7D903 /* SafariWebExtensionHandler.swift in Sources */ = {isa = PBXBuildFile; fileRef = E07148FF29810B8200A7D903 /* SafariWebExtensionHandler.swift */; };
		E071494A29810B8200A7D903 /* _locales in Resources */ = {isa = PBXBuildFile; fileRef = E071490129810B8200A7D903 /* _locales */; };
		E071494B29810B8200A7D903 /* _locales in Resources */ = {isa = PBXBuildFile; fileRef = E071490129810B8200A7D903 /* _locales */; };
		E071494C29810B8200A7D903 /* images in Resources */ = {isa = PBXBuildFile; fileRef = E071490229810B8200A7D903 /* images */; };
		E071494D29810B8200A7D903 /* images in Resources */ = {isa = PBXBuildFile; fileRef = E071490229810B8200A7D903 /* images */; };
		E071494E29810B8200A7D903 /* manifest.json in Resources */ = {isa = PBXBuildFile; fileRef = E071490329810B8200A7D903 /* manifest.json */; };
		E071494F29810B8300A7D903 /* manifest.json in Resources */ = {isa = PBXBuildFile; fileRef = E071490329810B8200A7D903 /* manifest.json */; };
		E071495029810B8300A7D903 /* background.js in Resources */ = {isa = PBXBuildFile; fileRef = E071490429810B8200A7D903 /* background.js */; };
		E071495129810B8300A7D903 /* background.js in Resources */ = {isa = PBXBuildFile; fileRef = E071490429810B8200A7D903 /* background.js */; };
		E071495229810B8300A7D903 /* content.js in Resources */ = {isa = PBXBuildFile; fileRef = E071490529810B8200A7D903 /* content.js */; };
		E071495329810B8300A7D903 /* content.js in Resources */ = {isa = PBXBuildFile; fileRef = E071490529810B8200A7D903 /* content.js */; };
		E071495429810B8300A7D903 /* popup.html in Resources */ = {isa = PBXBuildFile; fileRef = E071490629810B8200A7D903 /* popup.html */; };
		E071495529810B8300A7D903 /* popup.html in Resources */ = {isa = PBXBuildFile; fileRef = E071490629810B8200A7D903 /* popup.html */; };
		E071495629810B8300A7D903 /* popup.css in Resources */ = {isa = PBXBuildFile; fileRef = E071490729810B8200A7D903 /* popup.css */; };
		E071495729810B8300A7D903 /* popup.css in Resources */ = {isa = PBXBuildFile; fileRef = E071490729810B8200A7D903 /* popup.css */; };
		E071495829810B8300A7D903 /* popup.js in Resources */ = {isa = PBXBuildFile; fileRef = E071490829810B8200A7D903 /* popup.js */; };
		E071495929810B8300A7D903 /* popup.js in Resources */ = {isa = PBXBuildFile; fileRef = E071490829810B8200A7D903 /* popup.js */; };
/* End PBXBuildFile section */

/* Begin PBXContainerItemProxy section */
		E071492D29810B8200A7D903 /* PBXContainerItemProxy */ = {
			isa = PBXContainerItemProxy;
			containerPortal = E07148F129810B8100A7D903 /* Project object */;
			proxyType = 1;
			remoteGlobalIDString = E071492A29810B8200A7D903;
			remoteInfo = "My Schoolbox Safari Extension Extension (iOS)";
		};
		E071493729810B8200A7D903 /* PBXContainerItemProxy */ = {
			isa = PBXContainerItemProxy;
			containerPortal = E07148F129810B8100A7D903 /* Project object */;
			proxyType = 1;
			remoteGlobalIDString = E071493429810B8200A7D903;
			remoteInfo = "My Schoolbox Safari Extension Extension (macOS)";
		};
/* End PBXContainerItemProxy section */

/* Begin PBXCopyFilesBuildPhase section */
		E071495F29810B8300A7D903 /* Embed Foundation Extensions */ = {
			isa = PBXCopyFilesBuildPhase;
			buildActionMask = 2147483647;
			dstPath = "";
			dstSubfolderSpec = 13;
			files = (
				E071492C29810B8200A7D903 /* My Schoolbox Safari Extension Extension.appex in Embed Foundation Extensions */,
			);
			name = "Embed Foundation Extensions";
			runOnlyForDeploymentPostprocessing = 0;
		};
		E071496629810B8300A7D903 /* Embed Foundation Extensions */ = {
			isa = PBXCopyFilesBuildPhase;
			buildActionMask = 2147483647;
			dstPath = "";
			dstSubfolderSpec = 13;
			files = (
				E071493629810B8200A7D903 /* My Schoolbox Safari Extension Extension.appex in Embed Foundation Extensions */,
			);
			name = "Embed Foundation Extensions";
			runOnlyForDeploymentPostprocessing = 0;
		};
/* End PBXCopyFilesBuildPhase section */

/* Begin PBXFileReference section */
		E07148F829810B8100A7D903 /* Base */ = {isa = PBXFileReference; lastKnownFileType = text.html; name = Base; path = ../Base.lproj/Main.html; sourceTree = "<group>"; };
		E07148F929810B8100A7D903 /* Icon.png */ = {isa = PBXFileReference; lastKnownFileType = image.png; path = Icon.png; sourceTree = "<group>"; };
		E07148FA29810B8100A7D903 /* Style.css */ = {isa = PBXFileReference; lastKnownFileType = text.css; path = Style.css; sourceTree = "<group>"; };
		E07148FB29810B8100A7D903 /* Script.js */ = {isa = PBXFileReference; lastKnownFileType = sourcecode.javascript; path = Script.js; sourceTree = "<group>"; };
		E07148FC29810B8100A7D903 /* ViewController.swift */ = {isa = PBXFileReference; lastKnownFileType = sourcecode.swift; path = ViewController.swift; sourceTree = "<group>"; };
		E07148FD29810B8200A7D903 /* Assets.xcassets */ = {isa = PBXFileReference; lastKnownFileType = folder.assetcatalog; path = Assets.xcassets; sourceTree = "<group>"; };
		E07148FF29810B8200A7D903 /* SafariWebExtensionHandler.swift */ = {isa = PBXFileReference; lastKnownFileType = sourcecode.swift; path = SafariWebExtensionHandler.swift; sourceTree = "<group>"; };
		E071490129810B8200A7D903 /* _locales */ = {isa = PBXFileReference; lastKnownFileType = folder; path = _locales; sourceTree = "<group>"; };
		E071490229810B8200A7D903 /* images */ = {isa = PBXFileReference; lastKnownFileType = folder; path = images; sourceTree = "<group>"; };
		E071490329810B8200A7D903 /* manifest.json */ = {isa = PBXFileReference; lastKnownFileType = text.json; path = manifest.json; sourceTree = "<group>"; };
		E071490429810B8200A7D903 /* background.js */ = {isa = PBXFileReference; lastKnownFileType = sourcecode.javascript; path = background.js; sourceTree = "<group>"; };
		E071490529810B8200A7D903 /* content.js */ = {isa = PBXFileReference; lastKnownFileType = sourcecode.javascript; path = content.js; sourceTree = "<group>"; };
		E071490629810B8200A7D903 /* popup.html */ = {isa = PBXFileReference; lastKnownFileType = text.html; path = popup.html; sourceTree = "<group>"; };
		E071490729810B8200A7D903 /* popup.css */ = {isa = PBXFileReference; lastKnownFileType = text.css; path = popup.css; sourceTree = "<group>"; };
		E071490829810B8200A7D903 /* popup.js */ = {isa = PBXFileReference; lastKnownFileType = sourcecode.javascript; path = popup.js; sourceTree = "<group>"; };
		E071490D29810B8200A7D903 /* My Schoolbox Safari Extension.app */ = {isa = PBXFileReference; explicitFileType = wrapper.application; includeInIndex = 0; path = "My Schoolbox Safari Extension.app"; sourceTree = BUILT_PRODUCTS_DIR; };
		E071491029810B8200A7D903 /* AppDelegate.swift */ = {isa = PBXFileReference; lastKnownFileType = sourcecode.swift; path = AppDelegate.swift; sourceTree = "<group>"; };
		E071491229810B8200A7D903 /* SceneDelegate.swift */ = {isa = PBXFileReference; lastKnownFileType = sourcecode.swift; path = SceneDelegate.swift; sourceTree = "<group>"; };
		E071491529810B8200A7D903 /* Base */ = {isa = PBXFileReference; lastKnownFileType = file.storyboard; name = Base; path = Base.lproj/LaunchScreen.storyboard; sourceTree = "<group>"; };
		E071491829810B8200A7D903 /* Base */ = {isa = PBXFileReference; lastKnownFileType = file.storyboard; name = Base; path = Base.lproj/Main.storyboard; sourceTree = "<group>"; };
		E071491A29810B8200A7D903 /* Info.plist */ = {isa = PBXFileReference; lastKnownFileType = text.plist.xml; path = Info.plist; sourceTree = "<group>"; };
		E071491F29810B8200A7D903 /* My Schoolbox Safari Extension.app */ = {isa = PBXFileReference; explicitFileType = wrapper.application; includeInIndex = 0; path = "My Schoolbox Safari Extension.app"; sourceTree = BUILT_PRODUCTS_DIR; };
		E071492129810B8200A7D903 /* AppDelegate.swift */ = {isa = PBXFileReference; lastKnownFileType = sourcecode.swift; path = AppDelegate.swift; sourceTree = "<group>"; };
		E071492429810B8200A7D903 /* Base */ = {isa = PBXFileReference; lastKnownFileType = file.storyboard; name = Base; path = Base.lproj/Main.storyboard; sourceTree = "<group>"; };
		E071492629810B8200A7D903 /* My Schoolbox Safari Extension.entitlements */ = {isa = PBXFileReference; lastKnownFileType = text.plist.entitlements; path = "My Schoolbox Safari Extension.entitlements"; sourceTree = "<group>"; };
		E071492B29810B8200A7D903 /* My Schoolbox Safari Extension Extension.appex */ = {isa = PBXFileReference; explicitFileType = "wrapper.app-extension"; includeInIndex = 0; path = "My Schoolbox Safari Extension Extension.appex"; sourceTree = BUILT_PRODUCTS_DIR; };
		E071493029810B8200A7D903 /* Info.plist */ = {isa = PBXFileReference; lastKnownFileType = text.plist.xml; path = Info.plist; sourceTree = "<group>"; };
		E071493529810B8200A7D903 /* My Schoolbox Safari Extension Extension.appex */ = {isa = PBXFileReference; explicitFileType = "wrapper.app-extension"; includeInIndex = 0; path = "My Schoolbox Safari Extension Extension.appex"; sourceTree = BUILT_PRODUCTS_DIR; };
		E071493A29810B8200A7D903 /* Info.plist */ = {isa = PBXFileReference; lastKnownFileType = text.plist.xml; path = Info.plist; sourceTree = "<group>"; };
		E071493B29810B8200A7D903 /* My Schoolbox Safari Extension.entitlements */ = {isa = PBXFileReference; lastKnownFileType = text.plist.entitlements; path = "My Schoolbox Safari Extension.entitlements"; sourceTree = "<group>"; };
/* End PBXFileReference section */

/* Begin PBXFrameworksBuildPhase section */
		E071490A29810B8200A7D903 /* Frameworks */ = {
			isa = PBXFrameworksBuildPhase;
			buildActionMask = 2147483647;
			files = (
			);
			runOnlyForDeploymentPostprocessing = 0;
		};
		E071491C29810B8200A7D903 /* Frameworks */ = {
			isa = PBXFrameworksBuildPhase;
			buildActionMask = 2147483647;
			files = (
			);
			runOnlyForDeploymentPostprocessing = 0;
		};
		E071492829810B8200A7D903 /* Frameworks */ = {
			isa = PBXFrameworksBuildPhase;
			buildActionMask = 2147483647;
			files = (
			);
			runOnlyForDeploymentPostprocessing = 0;
		};
		E071493229810B8200A7D903 /* Frameworks */ = {
			isa = PBXFrameworksBuildPhase;
			buildActionMask = 2147483647;
			files = (
			);
			runOnlyForDeploymentPostprocessing = 0;
		};
/* End PBXFrameworksBuildPhase section */

/* Begin PBXGroup section */
		E07148F029810B8100A7D903 = {
			isa = PBXGroup;
			children = (
				E07148F529810B8100A7D903 /* Shared (App) */,
				E07148FE29810B8200A7D903 /* Shared (Extension) */,
				E071490F29810B8200A7D903 /* iOS (App) */,
				E071492029810B8200A7D903 /* macOS (App) */,
				E071492F29810B8200A7D903 /* iOS (Extension) */,
				E071493929810B8200A7D903 /* macOS (Extension) */,
				E071490E29810B8200A7D903 /* Products */,
			);
			sourceTree = "<group>";
		};
		E07148F529810B8100A7D903 /* Shared (App) */ = {
			isa = PBXGroup;
			children = (
				E07148FC29810B8100A7D903 /* ViewController.swift */,
				E07148FD29810B8200A7D903 /* Assets.xcassets */,
				E07148F629810B8100A7D903 /* Resources */,
			);
			path = "Shared (App)";
			sourceTree = "<group>";
		};
		E07148F629810B8100A7D903 /* Resources */ = {
			isa = PBXGroup;
			children = (
				E07148F729810B8100A7D903 /* Main.html */,
				E07148F929810B8100A7D903 /* Icon.png */,
				E07148FA29810B8100A7D903 /* Style.css */,
				E07148FB29810B8100A7D903 /* Script.js */,
			);
			path = Resources;
			sourceTree = "<group>";
		};
		E07148FE29810B8200A7D903 /* Shared (Extension) */ = {
			isa = PBXGroup;
			children = (
				E07148FF29810B8200A7D903 /* SafariWebExtensionHandler.swift */,
				E071490029810B8200A7D903 /* Resources */,
			);
			path = "Shared (Extension)";
			sourceTree = "<group>";
		};
		E071490029810B8200A7D903 /* Resources */ = {
			isa = PBXGroup;
			children = (
				E071490129810B8200A7D903 /* _locales */,
				E071490229810B8200A7D903 /* images */,
				E071490329810B8200A7D903 /* manifest.json */,
				E071490429810B8200A7D903 /* background.js */,
				E071490529810B8200A7D903 /* content.js */,
				E071490629810B8200A7D903 /* popup.html */,
				E071490729810B8200A7D903 /* popup.css */,
				E071490829810B8200A7D903 /* popup.js */,
			);
			path = Resources;
			sourceTree = "<group>";
		};
		E071490E29810B8200A7D903 /* Products */ = {
			isa = PBXGroup;
			children = (
				E071490D29810B8200A7D903 /* My Schoolbox Safari Extension.app */,
				E071491F29810B8200A7D903 /* My Schoolbox Safari Extension.app */,
				E071492B29810B8200A7D903 /* My Schoolbox Safari Extension Extension.appex */,
				E071493529810B8200A7D903 /* My Schoolbox Safari Extension Extension.appex */,
			);
			name = Products;
			sourceTree = "<group>";
		};
		E071490F29810B8200A7D903 /* iOS (App) */ = {
			isa = PBXGroup;
			children = (
				E071491029810B8200A7D903 /* AppDelegate.swift */,
				E071491229810B8200A7D903 /* SceneDelegate.swift */,
				E071491429810B8200A7D903 /* LaunchScreen.storyboard */,
				E071491729810B8200A7D903 /* Main.storyboard */,
				E071491A29810B8200A7D903 /* Info.plist */,
			);
			path = "iOS (App)";
			sourceTree = "<group>";
		};
		E071492029810B8200A7D903 /* macOS (App) */ = {
			isa = PBXGroup;
			children = (
				E071492129810B8200A7D903 /* AppDelegate.swift */,
				E071492329810B8200A7D903 /* Main.storyboard */,
				E071492629810B8200A7D903 /* My Schoolbox Safari Extension.entitlements */,
			);
			path = "macOS (App)";
			sourceTree = "<group>";
		};
		E071492F29810B8200A7D903 /* iOS (Extension) */ = {
			isa = PBXGroup;
			children = (
				E071493029810B8200A7D903 /* Info.plist */,
			);
			path = "iOS (Extension)";
			sourceTree = "<group>";
		};
		E071493929810B8200A7D903 /* macOS (Extension) */ = {
			isa = PBXGroup;
			children = (
				E071493A29810B8200A7D903 /* Info.plist */,
				E071493B29810B8200A7D903 /* My Schoolbox Safari Extension.entitlements */,
			);
			path = "macOS (Extension)";
			sourceTree = "<group>";
		};
/* End PBXGroup section */

/* Begin PBXNativeTarget section */
		E071490C29810B8200A7D903 /* My Schoolbox Safari Extension (iOS) */ = {
			isa = PBXNativeTarget;
			buildConfigurationList = E071496029810B8300A7D903 /* Build configuration list for PBXNativeTarget "My Schoolbox Safari Extension (iOS)" */;
			buildPhases = (
				E071490929810B8200A7D903 /* Sources */,
				E071490A29810B8200A7D903 /* Frameworks */,
				E071490B29810B8200A7D903 /* Resources */,
				E071495F29810B8300A7D903 /* Embed Foundation Extensions */,
			);
			buildRules = (
			);
			dependencies = (
				E071492E29810B8200A7D903 /* PBXTargetDependency */,
			);
			name = "My Schoolbox Safari Extension (iOS)";
			productName = "My Schoolbox Safari Extension (iOS)";
			productReference = E071490D29810B8200A7D903 /* My Schoolbox Safari Extension.app */;
			productType = "com.apple.product-type.application";
		};
		E071491E29810B8200A7D903 /* My Schoolbox Safari Extension (macOS) */ = {
			isa = PBXNativeTarget;
			buildConfigurationList = E071496729810B8300A7D903 /* Build configuration list for PBXNativeTarget "My Schoolbox Safari Extension (macOS)" */;
			buildPhases = (
				E071491B29810B8200A7D903 /* Sources */,
				E071491C29810B8200A7D903 /* Frameworks */,
				E071491D29810B8200A7D903 /* Resources */,
				E071496629810B8300A7D903 /* Embed Foundation Extensions */,
			);
			buildRules = (
			);
			dependencies = (
				E071493829810B8200A7D903 /* PBXTargetDependency */,
			);
			name = "My Schoolbox Safari Extension (macOS)";
			productName = "My Schoolbox Safari Extension (macOS)";
			productReference = E071491F29810B8200A7D903 /* My Schoolbox Safari Extension.app */;
			productType = "com.apple.product-type.application";
		};
		E071492A29810B8200A7D903 /* My Schoolbox Safari Extension Extension (iOS) */ = {
			isa = PBXNativeTarget;
			buildConfigurationList = E071495C29810B8300A7D903 /* Build configuration list for PBXNativeTarget "My Schoolbox Safari Extension Extension (iOS)" */;
			buildPhases = (
				E071492729810B8200A7D903 /* Sources */,
				E071492829810B8200A7D903 /* Frameworks */,
				E071492929810B8200A7D903 /* Resources */,
			);
			buildRules = (
			);
			dependencies = (
			);
			name = "My Schoolbox Safari Extension Extension (iOS)";
			productName = "My Schoolbox Safari Extension Extension (iOS)";
			productReference = E071492B29810B8200A7D903 /* My Schoolbox Safari Extension Extension.appex */;
			productType = "com.apple.product-type.app-extension";
		};
		E071493429810B8200A7D903 /* My Schoolbox Safari Extension Extension (macOS) */ = {
			isa = PBXNativeTarget;
			buildConfigurationList = E071496329810B8300A7D903 /* Build configuration list for PBXNativeTarget "My Schoolbox Safari Extension Extension (macOS)" */;
			buildPhases = (
				E071493129810B8200A7D903 /* Sources */,
				E071493229810B8200A7D903 /* Frameworks */,
				E071493329810B8200A7D903 /* Resources */,
			);
			buildRules = (
			);
			dependencies = (
			);
			name = "My Schoolbox Safari Extension Extension (macOS)";
			productName = "My Schoolbox Safari Extension Extension (macOS)";
			productReference = E071493529810B8200A7D903 /* My Schoolbox Safari Extension Extension.appex */;
			productType = "com.apple.product-type.app-extension";
		};
/* End PBXNativeTarget section */

/* Begin PBXProject section */
		E07148F129810B8100A7D903 /* Project object */ = {
			isa = PBXProject;
			attributes = {
				BuildIndependentTargetsInParallel = 1;
				LastSwiftUpdateCheck = 1420;
				LastUpgradeCheck = 1420;
				TargetAttributes = {
					E071490C29810B8200A7D903 = {
						CreatedOnToolsVersion = 14.2;
					};
					E071491E29810B8200A7D903 = {
						CreatedOnToolsVersion = 14.2;
					};
					E071492A29810B8200A7D903 = {
						CreatedOnToolsVersion = 14.2;
					};
					E071493429810B8200A7D903 = {
						CreatedOnToolsVersion = 14.2;
					};
				};
			};
			buildConfigurationList = E07148F429810B8100A7D903 /* Build configuration list for PBXProject "My Schoolbox Safari Extension" */;
			compatibilityVersion = "Xcode 14.0";
			developmentRegion = en;
			hasScannedForEncodings = 0;
			knownRegions = (
				en,
				Base,
			);
			mainGroup = E07148F029810B8100A7D903;
			productRefGroup = E071490E29810B8200A7D903 /* Products */;
			projectDirPath = "";
			projectRoot = "";
			targets = (
				E071490C29810B8200A7D903 /* My Schoolbox Safari Extension (iOS) */,
				E071491E29810B8200A7D903 /* My Schoolbox Safari Extension (macOS) */,
				E071492A29810B8200A7D903 /* My Schoolbox Safari Extension Extension (iOS) */,
				E071493429810B8200A7D903 /* My Schoolbox Safari Extension Extension (macOS) */,
			);
		};
/* End PBXProject section */

/* Begin PBXResourcesBuildPhase section */
		E071490B29810B8200A7D903 /* Resources */ = {
			isa = PBXResourcesBuildPhase;
			buildActionMask = 2147483647;
			files = (
				E071493E29810B8200A7D903 /* Icon.png in Resources */,
				E071491629810B8200A7D903 /* LaunchScreen.storyboard in Resources */,
				E071493C29810B8200A7D903 /* Main.html in Resources */,
				E071494229810B8200A7D903 /* Script.js in Resources */,
				E071494629810B8200A7D903 /* Assets.xcassets in Resources */,
				E071491929810B8200A7D903 /* Main.storyboard in Resources */,
				E071494029810B8200A7D903 /* Style.css in Resources */,
			);
			runOnlyForDeploymentPostprocessing = 0;
		};
		E071491D29810B8200A7D903 /* Resources */ = {
			isa = PBXResourcesBuildPhase;
			buildActionMask = 2147483647;
			files = (
				E071493F29810B8200A7D903 /* Icon.png in Resources */,
				E071494129810B8200A7D903 /* Style.css in Resources */,
				E071492529810B8200A7D903 /* Main.storyboard in Resources */,
				E071494329810B8200A7D903 /* Script.js in Resources */,
				E071494729810B8200A7D903 /* Assets.xcassets in Resources */,
				E071493D29810B8200A7D903 /* Main.html in Resources */,
			);
			runOnlyForDeploymentPostprocessing = 0;
		};
		E071492929810B8200A7D903 /* Resources */ = {
			isa = PBXResourcesBuildPhase;
			buildActionMask = 2147483647;
			files = (
				E071495029810B8300A7D903 /* background.js in Resources */,
				E071495629810B8300A7D903 /* popup.css in Resources */,
				E071495429810B8300A7D903 /* popup.html in Resources */,
				E071494C29810B8200A7D903 /* images in Resources */,
				E071494E29810B8200A7D903 /* manifest.json in Resources */,
				E071494A29810B8200A7D903 /* _locales in Resources */,
				E071495229810B8300A7D903 /* content.js in Resources */,
				E071495829810B8300A7D903 /* popup.js in Resources */,
			);
			runOnlyForDeploymentPostprocessing = 0;
		};
		E071493329810B8200A7D903 /* Resources */ = {
			isa = PBXResourcesBuildPhase;
			buildActionMask = 2147483647;
			files = (
				E071495129810B8300A7D903 /* background.js in Resources */,
				E071495729810B8300A7D903 /* popup.css in Resources */,
				E071495529810B8300A7D903 /* popup.html in Resources */,
				E071494D29810B8200A7D903 /* images in Resources */,
				E071494F29810B8300A7D903 /* manifest.json in Resources */,
				E071494B29810B8200A7D903 /* _locales in Resources */,
				E071495329810B8300A7D903 /* content.js in Resources */,
				E071495929810B8300A7D903 /* popup.js in Resources */,
			);
			runOnlyForDeploymentPostprocessing = 0;
		};
/* End PBXResourcesBuildPhase section */

/* Begin PBXSourcesBuildPhase section */
		E071490929810B8200A7D903 /* Sources */ = {
			isa = PBXSourcesBuildPhase;
			buildActionMask = 2147483647;
			files = (
				E071494429810B8200A7D903 /* ViewController.swift in Sources */,
				E071491129810B8200A7D903 /* AppDelegate.swift in Sources */,
				E071491329810B8200A7D903 /* SceneDelegate.swift in Sources */,
			);
			runOnlyForDeploymentPostprocessing = 0;
		};
		E071491B29810B8200A7D903 /* Sources */ = {
			isa = PBXSourcesBuildPhase;
			buildActionMask = 2147483647;
			files = (
				E071494529810B8200A7D903 /* ViewController.swift in Sources */,
				E071492229810B8200A7D903 /* AppDelegate.swift in Sources */,
			);
			runOnlyForDeploymentPostprocessing = 0;
		};
		E071492729810B8200A7D903 /* Sources */ = {
			isa = PBXSourcesBuildPhase;
			buildActionMask = 2147483647;
			files = (
				E071494829810B8200A7D903 /* SafariWebExtensionHandler.swift in Sources */,
			);
			runOnlyForDeploymentPostprocessing = 0;
		};
		E071493129810B8200A7D903 /* Sources */ = {
			isa = PBXSourcesBuildPhase;
			buildActionMask = 2147483647;
			files = (
				E071494929810B8200A7D903 /* SafariWebExtensionHandler.swift in Sources */,
			);
			runOnlyForDeploymentPostprocessing = 0;
		};
/* End PBXSourcesBuildPhase section */

/* Begin PBXTargetDependency section */
		E071492E29810B8200A7D903 /* PBXTargetDependency */ = {
			isa = PBXTargetDependency;
			target = E071492A29810B8200A7D903 /* My Schoolbox Safari Extension Extension (iOS) */;
			targetProxy = E071492D29810B8200A7D903 /* PBXContainerItemProxy */;
		};
		E071493829810B8200A7D903 /* PBXTargetDependency */ = {
			isa = PBXTargetDependency;
			target = E071493429810B8200A7D903 /* My Schoolbox Safari Extension Extension (macOS) */;
			targetProxy = E071493729810B8200A7D903 /* PBXContainerItemProxy */;
		};
/* End PBXTargetDependency section */

/* Begin PBXVariantGroup section */
		E07148F729810B8100A7D903 /* Main.html */ = {
			isa = PBXVariantGroup;
			children = (
				E07148F829810B8100A7D903 /* Base */,
			);
			name = Main.html;
			sourceTree = "<group>";
		};
		E071491429810B8200A7D903 /* LaunchScreen.storyboard */ = {
			isa = PBXVariantGroup;
			children = (
				E071491529810B8200A7D903 /* Base */,
			);
			name = LaunchScreen.storyboard;
			sourceTree = "<group>";
		};
		E071491729810B8200A7D903 /* Main.storyboard */ = {
			isa = PBXVariantGroup;
			children = (
				E071491829810B8200A7D903 /* Base */,
			);
			name = Main.storyboard;
			sourceTree = "<group>";
		};
		E071492329810B8200A7D903 /* Main.storyboard */ = {
			isa = PBXVariantGroup;
			children = (
				E071492429810B8200A7D903 /* Base */,
			);
			name = Main.storyboard;
			sourceTree = "<group>";
		};
/* End PBXVariantGroup section */

/* Begin XCBuildConfiguration section */
		E071495A29810B8300A7D903 /* Debug */ = {
			isa = XCBuildConfiguration;
			buildSettings = {
				ALWAYS_SEARCH_USER_PATHS = NO;
				CLANG_ANALYZER_NONNULL = YES;
				CLANG_ANALYZER_NUMBER_OBJECT_CONVERSION = YES_AGGRESSIVE;
				CLANG_CXX_LANGUAGE_STANDARD = "gnu++20";
				CLANG_ENABLE_MODULES = YES;
				CLANG_ENABLE_OBJC_ARC = YES;
				CLANG_ENABLE_OBJC_WEAK = YES;
				CLANG_WARN_BLOCK_CAPTURE_AUTORELEASING = YES;
				CLANG_WARN_BOOL_CONVERSION = YES;
				CLANG_WARN_COMMA = YES;
				CLANG_WARN_CONSTANT_CONVERSION = YES;
				CLANG_WARN_DEPRECATED_OBJC_IMPLEMENTATIONS = YES;
				CLANG_WARN_DIRECT_OBJC_ISA_USAGE = YES_ERROR;
				CLANG_WARN_DOCUMENTATION_COMMENTS = YES;
				CLANG_WARN_EMPTY_BODY = YES;
				CLANG_WARN_ENUM_CONVERSION = YES;
				CLANG_WARN_INFINITE_RECURSION = YES;
				CLANG_WARN_INT_CONVERSION = YES;
				CLANG_WARN_NON_LITERAL_NULL_CONVERSION = YES;
				CLANG_WARN_OBJC_IMPLICIT_RETAIN_SELF = YES;
				CLANG_WARN_OBJC_LITERAL_CONVERSION = YES;
				CLANG_WARN_OBJC_ROOT_CLASS = YES_ERROR;
				CLANG_WARN_QUOTED_INCLUDE_IN_FRAMEWORK_HEADER = YES;
				CLANG_WARN_RANGE_LOOP_ANALYSIS = YES;
				CLANG_WARN_STRICT_PROTOTYPES = YES;
				CLANG_WARN_SUSPICIOUS_MOVE = YES;
				CLANG_WARN_UNGUARDED_AVAILABILITY = YES_AGGRESSIVE;
				CLANG_WARN_UNREACHABLE_CODE = YES;
				CLANG_WARN__DUPLICATE_METHOD_MATCH = YES;
				COPY_PHASE_STRIP = NO;
				DEBUG_INFORMATION_FORMAT = dwarf;
				ENABLE_STRICT_OBJC_MSGSEND = YES;
				ENABLE_TESTABILITY = YES;
				GCC_C_LANGUAGE_STANDARD = gnu11;
				GCC_DYNAMIC_NO_PIC = NO;
				GCC_NO_COMMON_BLOCKS = YES;
				GCC_OPTIMIZATION_LEVEL = 0;
				GCC_PREPROCESSOR_DEFINITIONS = (
					"DEBUG=1",
					"$(inherited)",
				);
				GCC_WARN_64_TO_32_BIT_CONVERSION = YES;
				GCC_WARN_ABOUT_RETURN_TYPE = YES_ERROR;
				GCC_WARN_UNDECLARED_SELECTOR = YES;
				GCC_WARN_UNINITIALIZED_AUTOS = YES_AGGRESSIVE;
				GCC_WARN_UNUSED_FUNCTION = YES;
				GCC_WARN_UNUSED_VARIABLE = YES;
				MTL_ENABLE_DEBUG_INFO = INCLUDE_SOURCE;
				MTL_FAST_MATH = YES;
				ONLY_ACTIVE_ARCH = YES;
				SWIFT_ACTIVE_COMPILATION_CONDITIONS = DEBUG;
				SWIFT_OPTIMIZATION_LEVEL = "-Onone";
			};
			name = Debug;
		};
		E071495B29810B8300A7D903 /* Release */ = {
			isa = XCBuildConfiguration;
			buildSettings = {
				ALWAYS_SEARCH_USER_PATHS = NO;
				CLANG_ANALYZER_NONNULL = YES;
				CLANG_ANALYZER_NUMBER_OBJECT_CONVERSION = YES_AGGRESSIVE;
				CLANG_CXX_LANGUAGE_STANDARD = "gnu++20";
				CLANG_ENABLE_MODULES = YES;
				CLANG_ENABLE_OBJC_ARC = YES;
				CLANG_ENABLE_OBJC_WEAK = YES;
				CLANG_WARN_BLOCK_CAPTURE_AUTORELEASING = YES;
				CLANG_WARN_BOOL_CONVERSION = YES;
				CLANG_WARN_COMMA = YES;
				CLANG_WARN_CONSTANT_CONVERSION = YES;
				CLANG_WARN_DEPRECATED_OBJC_IMPLEMENTATIONS = YES;
				CLANG_WARN_DIRECT_OBJC_ISA_USAGE = YES_ERROR;
				CLANG_WARN_DOCUMENTATION_COMMENTS = YES;
				CLANG_WARN_EMPTY_BODY = YES;
				CLANG_WARN_ENUM_CONVERSION = YES;
				CLANG_WARN_INFINITE_RECURSION = YES;
				CLANG_WARN_INT_CONVERSION = YES;
				CLANG_WARN_NON_LITERAL_NULL_CONVERSION = YES;
				CLANG_WARN_OBJC_IMPLICIT_RETAIN_SELF = YES;
				CLANG_WARN_OBJC_LITERAL_CONVERSION = YES;
				CLANG_WARN_OBJC_ROOT_CLASS = YES_ERROR;
				CLANG_WARN_QUOTED_INCLUDE_IN_FRAMEWORK_HEADER = YES;
				CLANG_WARN_RANGE_LOOP_ANALYSIS = YES;
				CLANG_WARN_STRICT_PROTOTYPES = YES;
				CLANG_WARN_SUSPICIOUS_MOVE = YES;
				CLANG_WARN_UNGUARDED_AVAILABILITY = YES_AGGRESSIVE;
				CLANG_WARN_UNREACHABLE_CODE = YES;
				CLANG_WARN__DUPLICATE_METHOD_MATCH = YES;
				COPY_PHASE_STRIP = NO;
				DEBUG_INFORMATION_FORMAT = "dwarf-with-dsym";
				ENABLE_NS_ASSERTIONS = NO;
				ENABLE_STRICT_OBJC_MSGSEND = YES;
				GCC_C_LANGUAGE_STANDARD = gnu11;
				GCC_NO_COMMON_BLOCKS = YES;
				GCC_WARN_64_TO_32_BIT_CONVERSION = YES;
				GCC_WARN_ABOUT_RETURN_TYPE = YES_ERROR;
				GCC_WARN_UNDECLARED_SELECTOR = YES;
				GCC_WARN_UNINITIALIZED_AUTOS = YES_AGGRESSIVE;
				GCC_WARN_UNUSED_FUNCTION = YES;
				GCC_WARN_UNUSED_VARIABLE = YES;
				MTL_ENABLE_DEBUG_INFO = NO;
				MTL_FAST_MATH = YES;
				SWIFT_COMPILATION_MODE = wholemodule;
				SWIFT_OPTIMIZATION_LEVEL = "-O";
			};
			name = Release;
		};
		E071495D29810B8300A7D903 /* Debug */ = {
			isa = XCBuildConfiguration;
			buildSettings = {
				CODE_SIGN_STYLE = Automatic;
				CURRENT_PROJECT_VERSION = 1;
				DEVELOPMENT_TEAM = 8495B78D24;
				GENERATE_INFOPLIST_FILE = YES;
				INFOPLIST_FILE = "iOS (Extension)/Info.plist";
				INFOPLIST_KEY_CFBundleDisplayName = "My Schoolbox Safari Extension Extension";
				INFOPLIST_KEY_NSHumanReadableCopyright = "";
				IPHONEOS_DEPLOYMENT_TARGET = 15.0;
				LD_RUNPATH_SEARCH_PATHS = (
					"$(inherited)",
					"@executable_path/Frameworks",
					"@executable_path/../../Frameworks",
				);
				MARKETING_VERSION = 1.0;
				OTHER_LDFLAGS = (
					"-framework",
					SafariServices,
				);
				PRODUCT_BUNDLE_IDENTIFIER = "ActaullyHappening.My-Schoolbox-Safari-Extension.Extension";
				PRODUCT_NAME = "My Schoolbox Safari Extension Extension";
				SDKROOT = iphoneos;
				SKIP_INSTALL = YES;
				SWIFT_EMIT_LOC_STRINGS = YES;
				SWIFT_VERSION = 5.0;
				TARGETED_DEVICE_FAMILY = "1,2";
			};
			name = Debug;
		};
		E071495E29810B8300A7D903 /* Release */ = {
			isa = XCBuildConfiguration;
			buildSettings = {
				CODE_SIGN_STYLE = Automatic;
				CURRENT_PROJECT_VERSION = 1;
				DEVELOPMENT_TEAM = 8495B78D24;
				GENERATE_INFOPLIST_FILE = YES;
				INFOPLIST_FILE = "iOS (Extension)/Info.plist";
				INFOPLIST_KEY_CFBundleDisplayName = "My Schoolbox Safari Extension Extension";
				INFOPLIST_KEY_NSHumanReadableCopyright = "";
				IPHONEOS_DEPLOYMENT_TARGET = 15.0;
				LD_RUNPATH_SEARCH_PATHS = (
					"$(inherited)",
					"@executable_path/Frameworks",
					"@executable_path/../../Frameworks",
				);
				MARKETING_VERSION = 1.0;
				OTHER_LDFLAGS = (
					"-framework",
					SafariServices,
				);
				PRODUCT_BUNDLE_IDENTIFIER = "ActaullyHappening.My-Schoolbox-Safari-Extension.Extension";
				PRODUCT_NAME = "My Schoolbox Safari Extension Extension";
				SDKROOT = iphoneos;
				SKIP_INSTALL = YES;
				SWIFT_EMIT_LOC_STRINGS = YES;
				SWIFT_VERSION = 5.0;
				TARGETED_DEVICE_FAMILY = "1,2";
				VALIDATE_PRODUCT = YES;
			};
			name = Release;
		};
		E071496129810B8300A7D903 /* Debug */ = {
			isa = XCBuildConfiguration;
			buildSettings = {
				ALWAYS_EMBED_SWIFT_STANDARD_LIBRARIES = YES;
				ASSETCATALOG_COMPILER_APPICON_NAME = AppIcon;
				ASSETCATALOG_COMPILER_GLOBAL_ACCENT_COLOR_NAME = AccentColor;
				CODE_SIGN_STYLE = Automatic;
				CURRENT_PROJECT_VERSION = 1;
				DEVELOPMENT_TEAM = 8495B78D24;
				GENERATE_INFOPLIST_FILE = YES;
				INFOPLIST_FILE = "iOS (App)/Info.plist";
				INFOPLIST_KEY_CFBundleDisplayName = "My Schoolbox Safari Extension";
				INFOPLIST_KEY_UIApplicationSupportsIndirectInputEvents = YES;
				INFOPLIST_KEY_UILaunchStoryboardName = LaunchScreen;
				INFOPLIST_KEY_UIMainStoryboardFile = Main;
				INFOPLIST_KEY_UISupportedInterfaceOrientations = "UIInterfaceOrientationPortrait UIInterfaceOrientationLandscapeLeft UIInterfaceOrientationLandscapeRight";
				INFOPLIST_KEY_UISupportedInterfaceOrientations_iPad = "UIInterfaceOrientationPortrait UIInterfaceOrientationPortraitUpsideDown UIInterfaceOrientationLandscapeLeft UIInterfaceOrientationLandscapeRight";
				IPHONEOS_DEPLOYMENT_TARGET = 15.0;
				LD_RUNPATH_SEARCH_PATHS = (
					"$(inherited)",
					"@executable_path/Frameworks",
				);
				MARKETING_VERSION = 1.0;
				OTHER_LDFLAGS = (
					"-framework",
					SafariServices,
					"-framework",
					WebKit,
				);
				PRODUCT_BUNDLE_IDENTIFIER = "ActaullyHappening.My-Schoolbox-Safari-Extension";
				PRODUCT_NAME = "My Schoolbox Safari Extension";
				SDKROOT = iphoneos;
				SWIFT_EMIT_LOC_STRINGS = YES;
				SWIFT_VERSION = 5.0;
				TARGETED_DEVICE_FAMILY = "1,2";
			};
			name = Debug;
		};
		E071496229810B8300A7D903 /* Release */ = {
			isa = XCBuildConfiguration;
			buildSettings = {
				ALWAYS_EMBED_SWIFT_STANDARD_LIBRARIES = YES;
				ASSETCATALOG_COMPILER_APPICON_NAME = AppIcon;
				ASSETCATALOG_COMPILER_GLOBAL_ACCENT_COLOR_NAME = AccentColor;
				CODE_SIGN_STYLE = Automatic;
				CURRENT_PROJECT_VERSION = 1;
				DEVELOPMENT_TEAM = 8495B78D24;
				GENERATE_INFOPLIST_FILE = YES;
				INFOPLIST_FILE = "iOS (App)/Info.plist";
				INFOPLIST_KEY_CFBundleDisplayName = "My Schoolbox Safari Extension";
				INFOPLIST_KEY_UIApplicationSupportsIndirectInputEvents = YES;
				INFOPLIST_KEY_UILaunchStoryboardName = LaunchScreen;
				INFOPLIST_KEY_UIMainStoryboardFile = Main;
				INFOPLIST_KEY_UISupportedInterfaceOrientations = "UIInterfaceOrientationPortrait UIInterfaceOrientationLandscapeLeft UIInterfaceOrientationLandscapeRight";
				INFOPLIST_KEY_UISupportedInterfaceOrientations_iPad = "UIInterfaceOrientationPortrait UIInterfaceOrientationPortraitUpsideDown UIInterfaceOrientationLandscapeLeft UIInterfaceOrientationLandscapeRight";
				IPHONEOS_DEPLOYMENT_TARGET = 15.0;
				LD_RUNPATH_SEARCH_PATHS = (
					"$(inherited)",
					"@executable_path/Frameworks",
				);
				MARKETING_VERSION = 1.0;
				OTHER_LDFLAGS = (
					"-framework",
					SafariServices,
					"-framework",
					WebKit,
				);
				PRODUCT_BUNDLE_IDENTIFIER = "ActaullyHappening.My-Schoolbox-Safari-Extension";
				PRODUCT_NAME = "My Schoolbox Safari Extension";
				SDKROOT = iphoneos;
				SWIFT_EMIT_LOC_STRINGS = YES;
				SWIFT_VERSION = 5.0;
				TARGETED_DEVICE_FAMILY = "1,2";
				VALIDATE_PRODUCT = YES;
			};
			name = Release;
		};
		E071496429810B8300A7D903 /* Debug */ = {
			isa = XCBuildConfiguration;
			buildSettings = {
				CODE_SIGN_ENTITLEMENTS = "macOS (Extension)/My Schoolbox Safari Extension.entitlements";
				CODE_SIGN_STYLE = Automatic;
				CURRENT_PROJECT_VERSION = 1;
				DEVELOPMENT_TEAM = 8495B78D24;
				ENABLE_HARDENED_RUNTIME = YES;
				GENERATE_INFOPLIST_FILE = YES;
				INFOPLIST_FILE = "macOS (Extension)/Info.plist";
				INFOPLIST_KEY_CFBundleDisplayName = "My Schoolbox Safari Extension Extension";
				INFOPLIST_KEY_NSHumanReadableCopyright = "";
				LD_RUNPATH_SEARCH_PATHS = (
					"$(inherited)",
					"@executable_path/../Frameworks",
					"@executable_path/../../../../Frameworks",
				);
				MACOSX_DEPLOYMENT_TARGET = 10.14;
				MARKETING_VERSION = 1.0;
				OTHER_LDFLAGS = (
					"-framework",
					SafariServices,
				);
				PRODUCT_BUNDLE_IDENTIFIER = "ActaullyHappening.My-Schoolbox-Safari-Extension.Extension";
				PRODUCT_NAME = "My Schoolbox Safari Extension Extension";
				SDKROOT = macosx;
				SKIP_INSTALL = YES;
				SWIFT_EMIT_LOC_STRINGS = YES;
				SWIFT_VERSION = 5.0;
			};
			name = Debug;
		};
		E071496529810B8300A7D903 /* Release */ = {
			isa = XCBuildConfiguration;
			buildSettings = {
				CODE_SIGN_ENTITLEMENTS = "macOS (Extension)/My Schoolbox Safari Extension.entitlements";
				CODE_SIGN_STYLE = Automatic;
				CURRENT_PROJECT_VERSION = 1;
				DEVELOPMENT_TEAM = 8495B78D24;
				ENABLE_HARDENED_RUNTIME = YES;
				GENERATE_INFOPLIST_FILE = YES;
				INFOPLIST_FILE = "macOS (Extension)/Info.plist";
				INFOPLIST_KEY_CFBundleDisplayName = "My Schoolbox Safari Extension Extension";
				INFOPLIST_KEY_NSHumanReadableCopyright = "";
				LD_RUNPATH_SEARCH_PATHS = (
					"$(inherited)",
					"@executable_path/../Frameworks",
					"@executable_path/../../../../Frameworks",
				);
				MACOSX_DEPLOYMENT_TARGET = 10.14;
				MARKETING_VERSION = 1.0;
				OTHER_LDFLAGS = (
					"-framework",
					SafariServices,
				);
				PRODUCT_BUNDLE_IDENTIFIER = "ActaullyHappening.My-Schoolbox-Safari-Extension.Extension";
				PRODUCT_NAME = "My Schoolbox Safari Extension Extension";
				SDKROOT = macosx;
				SKIP_INSTALL = YES;
				SWIFT_EMIT_LOC_STRINGS = YES;
				SWIFT_VERSION = 5.0;
			};
			name = Release;
		};
		E071496829810B8300A7D903 /* Debug */ = {
			isa = XCBuildConfiguration;
			buildSettings = {
				ALWAYS_EMBED_SWIFT_STANDARD_LIBRARIES = YES;
				ASSETCATALOG_COMPILER_APPICON_NAME = AppIcon;
				ASSETCATALOG_COMPILER_GLOBAL_ACCENT_COLOR_NAME = AccentColor;
				CODE_SIGN_ENTITLEMENTS = "macOS (App)/My Schoolbox Safari Extension.entitlements";
				CODE_SIGN_STYLE = Automatic;
				CURRENT_PROJECT_VERSION = 1;
				DEVELOPMENT_TEAM = 8495B78D24;
				ENABLE_HARDENED_RUNTIME = YES;
				GENERATE_INFOPLIST_FILE = YES;
				INFOPLIST_KEY_CFBundleDisplayName = "My Schoolbox Safari Extension";
				INFOPLIST_KEY_NSMainStoryboardFile = Main;
				INFOPLIST_KEY_NSPrincipalClass = NSApplication;
				LD_RUNPATH_SEARCH_PATHS = (
					"$(inherited)",
					"@executable_path/../Frameworks",
				);
				MACOSX_DEPLOYMENT_TARGET = 10.14;
				MARKETING_VERSION = 1.0;
				OTHER_LDFLAGS = (
					"-framework",
					SafariServices,
					"-framework",
					WebKit,
				);
				PRODUCT_BUNDLE_IDENTIFIER = "ActaullyHappening.My-Schoolbox-Safari-Extension";
				PRODUCT_NAME = "My Schoolbox Safari Extension";
				SDKROOT = macosx;
				SWIFT_EMIT_LOC_STRINGS = YES;
				SWIFT_VERSION = 5.0;
			};
			name = Debug;
		};
		E071496929810B8300A7D903 /* Release */ = {
			isa = XCBuildConfiguration;
			buildSettings = {
				ALWAYS_EMBED_SWIFT_STANDARD_LIBRARIES = YES;
				ASSETCATALOG_COMPILER_APPICON_NAME = AppIcon;
				ASSETCATALOG_COMPILER_GLOBAL_ACCENT_COLOR_NAME = AccentColor;
				CODE_SIGN_ENTITLEMENTS = "macOS (App)/My Schoolbox Safari Extension.entitlements";
				CODE_SIGN_STYLE = Automatic;
				CURRENT_PROJECT_VERSION = 1;
				DEVELOPMENT_TEAM = 8495B78D24;
				ENABLE_HARDENED_RUNTIME = YES;
				GENERATE_INFOPLIST_FILE = YES;
				INFOPLIST_KEY_CFBundleDisplayName = "My Schoolbox Safari Extension";
				INFOPLIST_KEY_NSMainStoryboardFile = Main;
				INFOPLIST_KEY_NSPrincipalClass = NSApplication;
				LD_RUNPATH_SEARCH_PATHS = (
					"$(inherited)",
					"@executable_path/../Frameworks",
				);
				MACOSX_DEPLOYMENT_TARGET = 10.14;
				MARKETING_VERSION = 1.0;
				OTHER_LDFLAGS = (
					"-framework",
					SafariServices,
					"-framework",
					WebKit,
				);
				PRODUCT_BUNDLE_IDENTIFIER = "ActaullyHappening.My-Schoolbox-Safari-Extension";
				PRODUCT_NAME = "My Schoolbox Safari Extension";
				SDKROOT = macosx;
				SWIFT_EMIT_LOC_STRINGS = YES;
				SWIFT_VERSION = 5.0;
			};
			name = Release;
		};
/* End XCBuildConfiguration section */

/* Begin XCConfigurationList section */
		E07148F429810B8100A7D903 /* Build configuration list for PBXProject "My Schoolbox Safari Extension" */ = {
			isa = XCConfigurationList;
			buildConfigurations = (
				E071495A29810B8300A7D903 /* Debug */,
				E071495B29810B8300A7D903 /* Release */,
			);
			defaultConfigurationIsVisible = 0;
			defaultConfigurationName = Release;
		};
		E071495C29810B8300A7D903 /* Build configuration list for PBXNativeTarget "My Schoolbox Safari Extension Extension (iOS)" */ = {
			isa = XCConfigurationList;
			buildConfigurations = (
				E071495D29810B8300A7D903 /* Debug */,
				E071495E29810B8300A7D903 /* Release */,
			);
			defaultConfigurationIsVisible = 0;
			defaultConfigurationName = Release;
		};
		E071496029810B8300A7D903 /* Build configuration list for PBXNativeTarget "My Schoolbox Safari Extension (iOS)" */ = {
			isa = XCConfigurationList;
			buildConfigurations = (
				E071496129810B8300A7D903 /* Debug */,
				E071496229810B8300A7D903 /* Release */,
			);
			defaultConfigurationIsVisible = 0;
			defaultConfigurationName = Release;
		};
		E071496329810B8300A7D903 /* Build configuration list for PBXNativeTarget "My Schoolbox Safari Extension Extension (macOS)" */ = {
			isa = XCConfigurationList;
			buildConfigurations = (
				E071496429810B8300A7D903 /* Debug */,
				E071496529810B8300A7D903 /* Release */,
			);
			defaultConfigurationIsVisible = 0;
			defaultConfigurationName = Release;
		};
		E071496729810B8300A7D903 /* Build configuration list for PBXNativeTarget "My Schoolbox Safari Extension (macOS)" */ = {
			isa = XCConfigurationList;
			buildConfigurations = (
				E071496829810B8300A7D903 /* Debug */,
				E071496929810B8300A7D903 /* Release */,
			);
			defaultConfigurationIsVisible = 0;
			defaultConfigurationName = Release;
		};
/* End XCConfigurationList section */
	};
	rootObject = E07148F129810B8100A7D903 /* Project object */;
}
